
Microsoft Visual Studio Solution File, Format Version 12.00
# Visual Studio Version 17
VisualStudioVersion = 17.3.32819.101
MinimumVisualStudioVersion = 10.0.40219.1
Project("{FAE04EC0-301F-11D3-BF4B-00C04F79EFBC}") = "RSSFeeder", "RSSFeeder\RSSFeeder.csproj", "{58825908-F4D2-4494-AB27-B4C5061BF943}"
EndProject
Global
	GlobalSection(SolutionConfigurationPlatforms) = preSolution
		Debug|Any CPU = Debug|Any CPU
		Release|Any CPU = Release|Any CPU
	EndGlobalSection
	GlobalSection(ProjectConfigurationPlatforms) = postSolution
		{58825908-F4D2-4494-AB27-B4C5061BF943}.Debug|Any CPU.ActiveCfg = Debug|Any CPU
		{58825908-F4D2-4494-AB27-B4C5061BF943}.Debug|Any CPU.Build.0 = Debug|Any CPU
		{58825908-F4D2-4494-AB27-B4C5061BF943}.Release|Any CPU.ActiveCfg = Release|Any CPU
		{58825908-F4D2-4494-AB27-B4C5061BF943}.Release|Any CPU.Build.0 = Release|Any CPU
	EndGlobalSection
	GlobalSection(SolutionProperties) = preSolution
		HideSolutionNode = FALSE
	EndGlobalSection
	GlobalSection(ExtensibilityGlobals) = postSolution
		SolutionGuid = {3BDF9F38-089C-4310-8AAF-7C14611DDA9D}
	EndGlobalSection
EndGlobal
